
Microsoft Visual Studio Solution File, Format Version 12.00
# Visual Studio 15
VisualStudioVersion = 15.0.28307.960
MinimumVisualStudioVersion = 10.0.40219.1
Project("{FAE04EC0-301F-11D3-BF4B-00C04F79EFBC}") = "TesteGrupoGPS", "TesteGrupoGPS\TesteGrupoGPS.csproj", "{1F670191-3967-46B4-90B9-400A937BDAE6}"
EndProject
Project("{FAE04EC0-301F-11D3-BF4B-00C04F79EFBC}") = "Modelo", "Modelo\Modelo.csproj", "{0FB1F32E-0930-4F7D-8235-F05A1F3A8FEC}"
EndProject
Project("{FAE04EC0-301F-11D3-BF4B-00C04F79EFBC}") = "Persistencia", "Persistencia\Persistencia.csproj", "{831A1EEF-E984-45D9-81E7-082194421EE8}"
EndProject
Project("{FAE04EC0-301F-11D3-BF4B-00C04F79EFBC}") = "Negocio", "Negocio\Negocio.csproj", "{1C05331C-5B2D-45D4-9AD7-4345DD3957A1}"
EndProject
Global
	GlobalSection(SolutionConfigurationPlatforms) = preSolution
		Debug|Any CPU = Debug|Any CPU
		Release|Any CPU = Release|Any CPU
	EndGlobalSection
	GlobalSection(ProjectConfigurationPlatforms) = postSolution
		{1F670191-3967-46B4-90B9-400A937BDAE6}.Debug|Any CPU.ActiveCfg = Debug|Any CPU
		{1F670191-3967-46B4-90B9-400A937BDAE6}.Debug|Any CPU.Build.0 = Debug|Any CPU
		{1F670191-3967-46B4-90B9-400A937BDAE6}.Release|Any CPU.ActiveCfg = Release|Any CPU
		{1F670191-3967-46B4-90B9-400A937BDAE6}.Release|Any CPU.Build.0 = Release|Any CPU
		{0FB1F32E-0930-4F7D-8235-F05A1F3A8FEC}.Debug|Any CPU.ActiveCfg = Debug|Any CPU
		{0FB1F32E-0930-4F7D-8235-F05A1F3A8FEC}.Debug|Any CPU.Build.0 = Debug|Any CPU
		{0FB1F32E-0930-4F7D-8235-F05A1F3A8FEC}.Release|Any CPU.ActiveCfg = Release|Any CPU
		{0FB1F32E-0930-4F7D-8235-F05A1F3A8FEC}.Release|Any CPU.Build.0 = Release|Any CPU
		{831A1EEF-E984-45D9-81E7-082194421EE8}.Debug|Any CPU.ActiveCfg = Debug|Any CPU
		{831A1EEF-E984-45D9-81E7-082194421EE8}.Debug|Any CPU.Build.0 = Debug|Any CPU
		{831A1EEF-E984-45D9-81E7-082194421EE8}.Release|Any CPU.ActiveCfg = Release|Any CPU
		{831A1EEF-E984-45D9-81E7-082194421EE8}.Release|Any CPU.Build.0 = Release|Any CPU
		{1C05331C-5B2D-45D4-9AD7-4345DD3957A1}.Debug|Any CPU.ActiveCfg = Debug|Any CPU
		{1C05331C-5B2D-45D4-9AD7-4345DD3957A1}.Debug|Any CPU.Build.0 = Debug|Any CPU
		{1C05331C-5B2D-45D4-9AD7-4345DD3957A1}.Release|Any CPU.ActiveCfg = Release|Any CPU
		{1C05331C-5B2D-45D4-9AD7-4345DD3957A1}.Release|Any CPU.Build.0 = Release|Any CPU
	EndGlobalSection
	GlobalSection(SolutionProperties) = preSolution
		HideSolutionNode = FALSE
	EndGlobalSection
	GlobalSection(ExtensibilityGlobals) = postSolution
		SolutionGuid = {6727CB14-7D52-42F3-92B6-A5C4A97E99FD}
	EndGlobalSection
EndGlobal
